
Microsoft Visual Studio Solution File, Format Version 12.00
# Visual Studio Version 17
VisualStudioVersion = 17.1.32407.343
MinimumVisualStudioVersion = 10.0.40219.1
Project("{FAE04EC0-301F-11D3-BF4B-00C04F79EFBC}") = "kLeapDrive", "kLeapDrive.csproj", "{77F2A067-DB4C-4670-99E3-FC4369FA8596}"
EndProject
Global
	GlobalSection(SolutionConfigurationPlatforms) = preSolution
		Debug|Any CPU = Debug|Any CPU
		Release|Any CPU = Release|Any CPU
	EndGlobalSection
	GlobalSection(ProjectConfigurationPlatforms) = postSolution
		{77F2A067-DB4C-4670-99E3-FC4369FA8596}.Debug|Any CPU.ActiveCfg = Debug|Any CPU
		{77F2A067-DB4C-4670-99E3-FC4369FA8596}.Debug|Any CPU.Build.0 = Debug|Any CPU
		{77F2A067-DB4C-4670-99E3-FC4369FA8596}.Release|Any CPU.ActiveCfg = Release|Any CPU
		{77F2A067-DB4C-4670-99E3-FC4369FA8596}.Release|Any CPU.Build.0 = Release|Any CPU
	EndGlobalSection
	GlobalSection(SolutionProperties) = preSolution
		HideSolutionNode = FALSE
	EndGlobalSection
	GlobalSection(ExtensibilityGlobals) = postSolution
		SolutionGuid = {54DD035E-3534-4F5D-A7AE-A410556D1056}
	EndGlobalSection
EndGlobal
